
Microsoft Visual Studio Solution File, Format Version 12.00
# Visual Studio Version 17
VisualStudioVersion = 17.4.33213.308
MinimumVisualStudioVersion = 10.0.40219.1
Project("{FAE04EC0-301F-11D3-BF4B-00C04F79EFBC}") = "BlazorExamApps.Server", "Server\BlazorExamApps.Server.csproj", "{9D7A9BCF-7E41-4B11-99C2-D26D65D505E6}"
EndProject
Project("{FAE04EC0-301F-11D3-BF4B-00C04F79EFBC}") = "BlazorExamApps.Client", "Client\BlazorExamApps.Client.csproj", "{52DF9017-AEC1-4ABC-B422-01C1B3F1574E}"
EndProject
Project("{FAE04EC0-301F-11D3-BF4B-00C04F79EFBC}") = "BlazorExamApps.Shared", "Shared\BlazorExamApps.Shared.csproj", "{66ED4A80-E60C-42F2-B89D-DBFF5B120BA5}"
EndProject
Global
	GlobalSection(SolutionConfigurationPlatforms) = preSolution
		Debug|Any CPU = Debug|Any CPU
		Release|Any CPU = Release|Any CPU
	EndGlobalSection
	GlobalSection(ProjectConfigurationPlatforms) = postSolution
		{9D7A9BCF-7E41-4B11-99C2-D26D65D505E6}.Debug|Any CPU.ActiveCfg = Debug|Any CPU
		{9D7A9BCF-7E41-4B11-99C2-D26D65D505E6}.Debug|Any CPU.Build.0 = Debug|Any CPU
		{9D7A9BCF-7E41-4B11-99C2-D26D65D505E6}.Release|Any CPU.ActiveCfg = Release|Any CPU
		{9D7A9BCF-7E41-4B11-99C2-D26D65D505E6}.Release|Any CPU.Build.0 = Release|Any CPU
		{52DF9017-AEC1-4ABC-B422-01C1B3F1574E}.Debug|Any CPU.ActiveCfg = Debug|Any CPU
		{52DF9017-AEC1-4ABC-B422-01C1B3F1574E}.Debug|Any CPU.Build.0 = Debug|Any CPU
		{52DF9017-AEC1-4ABC-B422-01C1B3F1574E}.Release|Any CPU.ActiveCfg = Release|Any CPU
		{52DF9017-AEC1-4ABC-B422-01C1B3F1574E}.Release|Any CPU.Build.0 = Release|Any CPU
		{66ED4A80-E60C-42F2-B89D-DBFF5B120BA5}.Debug|Any CPU.ActiveCfg = Debug|Any CPU
		{66ED4A80-E60C-42F2-B89D-DBFF5B120BA5}.Debug|Any CPU.Build.0 = Debug|Any CPU
		{66ED4A80-E60C-42F2-B89D-DBFF5B120BA5}.Release|Any CPU.ActiveCfg = Release|Any CPU
		{66ED4A80-E60C-42F2-B89D-DBFF5B120BA5}.Release|Any CPU.Build.0 = Release|Any CPU
	EndGlobalSection
	GlobalSection(SolutionProperties) = preSolution
		HideSolutionNode = FALSE
	EndGlobalSection
	GlobalSection(ExtensibilityGlobals) = postSolution
		SolutionGuid = {A5A0ABD1-D54A-4D03-8D60-FF0B7B99AA81}
	EndGlobalSection
EndGlobal
